# This is a Gradle generated file for dependency locking.
# Manual edits can break the build and are not advised.
# This file is expected to be part of source control.
io.netty:netty-buffer:4.1.31.Final
io.netty:netty-common:4.1.31.Final
io.projectreactor:reactor-core:3.2.6.RELEASE
io.rsocket:rsocket-core:0.11.17.2
javax.inject:javax.inject:1
org.reactivestreams:reactive-streams:1.0.2
