# This is a Gradle generated file for dependency locking.
# Manual edits can break the build and are not advised.
# This file is expected to be part of source control.
com.google.code.findbugs:jsr305:3.0.2
com.google.errorprone:error_prone_annotations:2.2.0
com.google.guava:failureaccess:1.0.1
com.google.guava:guava:27.0.1-jre
com.google.guava:listenablefuture:9999.0-empty-to-avoid-conflict-with-guava
com.google.j2objc:j2objc-annotations:1.1
com.google.protobuf:protobuf-java:3.6.1
com.typesafe:config:1.3.3
io.micrometer:micrometer-core:1.0.6
io.micrometer:micrometer-registry-influx:1.0.6
io.netty:netty-buffer:4.1.31.Final
io.netty:netty-codec-http2:4.1.31.Final
io.netty:netty-codec-http:4.1.31.Final
io.netty:netty-codec-socks:4.1.31.Final
io.netty:netty-codec:4.1.31.Final
io.netty:netty-common:4.1.31.Final
io.netty:netty-handler-proxy:4.1.31.Final
io.netty:netty-handler:4.1.31.Final
io.netty:netty-resolver:4.1.31.Final
io.netty:netty-tcnative:2.0.18.Final
io.netty:netty-transport-native-epoll:4.1.31.Final
io.netty:netty-transport-native-unix-common:4.1.31.Final
io.netty:netty-transport:4.1.31.Final
io.opentracing:opentracing-api:0.31.0
io.projectreactor.netty:reactor-netty:0.8.5.RELEASE
io.projectreactor:reactor-core:3.2.6.RELEASE
io.rsocket.rpc:rsocket-rpc-core:0.2.13.3
io.rsocket.rpc:rsocket-rpc-protobuf:0.2.13.3
io.rsocket:rsocket-core:0.11.17.2
io.rsocket:rsocket-transport-netty:0.11.17.2
javax.annotation:javax.annotation-api:1.3.2
javax.inject:javax.inject:1
org.apache.logging.log4j:log4j-api:2.11.2
org.apache.logging.log4j:log4j-core:2.11.2
org.apache.logging.log4j:log4j-slf4j-impl:2.11.2
org.checkerframework:checker-qual:2.5.2
org.codehaus.mojo:animal-sniffer-annotations:1.17
org.hdrhistogram:HdrHistogram:2.1.10
org.latencyutils:LatencyUtils:2.0.3
org.reactivestreams:reactive-streams:1.0.2
org.slf4j:slf4j-api:1.7.25
