# This is a Gradle generated file for dependency locking.
# Manual edits can break the build and are not advised.
# This file is expected to be part of source control.
io.projectreactor:reactor-core:3.2.6.RELEASE
javax.inject:javax.inject:1
org.reactivestreams:reactive-streams:1.0.2
org.slf4j:slf4j-api:1.7.25
